
Microsoft Visual Studio Solution File, Format Version 12.00
Project("{FAE04EC0-301F-11D3-BF4B-00C04F79EFBC}") = "SimpleLevelEditor", "SimpleLevelEditor\SimpleLevelEditor.csproj", "{A18C33F3-C9C0-4900-8CE8-80C15D9D0C2C}"
EndProject
Project("{FAE04EC0-301F-11D3-BF4B-00C04F79EFBC}") = "SimpleLevelEditor.Formats", "SimpleLevelEditor.Formats\SimpleLevelEditor.Formats.fsproj", "{12B447B4-0B01-4D9C-9A65-66FBD61F8AD7}"
EndProject
Project("{FAE04EC0-301F-11D3-BF4B-00C04F79EFBC}") = "SimpleLevelEditor.Formats.Tests", "SimpleLevelEditor.Formats.Tests\SimpleLevelEditor.Formats.Tests.csproj", "{706CA3B9-A327-4D18-B581-414685DB5EF3}"
EndProject
Global
	GlobalSection(SolutionConfigurationPlatforms) = preSolution
		Debug|Any CPU = Debug|Any CPU
		Release|Any CPU = Release|Any CPU
	EndGlobalSection
	GlobalSection(ProjectConfigurationPlatforms) = postSolution
		{A18C33F3-C9C0-4900-8CE8-80C15D9D0C2C}.Debug|Any CPU.ActiveCfg = Debug|Any CPU
		{A18C33F3-C9C0-4900-8CE8-80C15D9D0C2C}.Debug|Any CPU.Build.0 = Debug|Any CPU
		{A18C33F3-C9C0-4900-8CE8-80C15D9D0C2C}.Release|Any CPU.ActiveCfg = Release|Any CPU
		{A18C33F3-C9C0-4900-8CE8-80C15D9D0C2C}.Release|Any CPU.Build.0 = Release|Any CPU
		{12B447B4-0B01-4D9C-9A65-66FBD61F8AD7}.Debug|Any CPU.ActiveCfg = Debug|Any CPU
		{12B447B4-0B01-4D9C-9A65-66FBD61F8AD7}.Debug|Any CPU.Build.0 = Debug|Any CPU
		{12B447B4-0B01-4D9C-9A65-66FBD61F8AD7}.Release|Any CPU.ActiveCfg = Release|Any CPU
		{12B447B4-0B01-4D9C-9A65-66FBD61F8AD7}.Release|Any CPU.Build.0 = Release|Any CPU
		{706CA3B9-A327-4D18-B581-414685DB5EF3}.Debug|Any CPU.ActiveCfg = Debug|Any CPU
		{706CA3B9-A327-4D18-B581-414685DB5EF3}.Debug|Any CPU.Build.0 = Debug|Any CPU
		{706CA3B9-A327-4D18-B581-414685DB5EF3}.Release|Any CPU.ActiveCfg = Release|Any CPU
		{706CA3B9-A327-4D18-B581-414685DB5EF3}.Release|Any CPU.Build.0 = Release|Any CPU
		{4A2C880B-AE85-496E-81F0-676D49042F8D}.Debug|Any CPU.ActiveCfg = Debug|Any CPU
		{4A2C880B-AE85-496E-81F0-676D49042F8D}.Debug|Any CPU.Build.0 = Debug|Any CPU
		{4A2C880B-AE85-496E-81F0-676D49042F8D}.Release|Any CPU.ActiveCfg = Release|Any CPU
		{4A2C880B-AE85-496E-81F0-676D49042F8D}.Release|Any CPU.Build.0 = Release|Any CPU
	EndGlobalSection
EndGlobal
